<?xml version="1.0" encoding="utf-8"?>
<Project ToolsVersion="4.0" xmlns="http://schemas.microsoft.com/developer/msbuild/2003">
  <ItemGroup>
    <Filter Include="Source Files">
      <UniqueIdentifier>{4FC737F1-C7A5-4376-A066-2A32D752A2FF}</UniqueIdentifier>
      <Extensions>cpp;c;cc;cxx;c++;cppm;ixx;def;odl;idl;hpj;bat;asm;asmx</Extensions>
    </Filter>
    <Filter Include="Header Files">
      <UniqueIdentifier>{93995380-89BD-4b04-88EB-625FBE52EBFB}</UniqueIdentifier>
      <Extensions>h;hh;hpp;hxx;h++;hm;inl;inc;ipp;xsd</Extensions>
    </Filter>
    <Filter Include="Resource Files">
      <UniqueIdentifier>{67DA6AB6-F800-4c08-8B7A-83BB121AAD01}</UniqueIdentifier>
      <Extensions>rc;ico;cur;bmp;dlg;rc2;rct;bin;rgs;gif;jpg;jpeg;jpe;resx;tiff;tif;png;wav;mfcribbon-ms</Extensions>
    </Filter>
  </ItemGroup>
  <ItemGroup>
    <None Include=".gitignore" />
    <None Include="README.md" />
    <None Include="ThirdParty\SDL\lib\SDL2.dll" />
    <None Include="ThirdParty\SDL_image\lib\SDL2_image.dll" />
    <None Include="ThirdParty\SDL_mixer\lib\SDL2_mixer.dll" />
    <None Include="ThirdParty\SDL_ttf\lib\SDL2_ttf.dll" />
    <None Include="ThirdParty\openvr-master\bin\win64\openvr_api.dll" />
  </ItemGroup>
  <ItemGroup>
    <ClInclude Include="maphelpher.h">
      <Filter>Header Files</Filter>
    </ClInclude>
    <ClInclude Include="ThirdParty\glm-0.9.9.8\glm\glm.hpp">
      <Filter>Header Files</Filter>
    </ClInclude>
    <ClInclude Include="GameManager.h">
      <Filter>Header Files</Filter>
    </ClInclude>
    <ClInclude Include="ThirdParty\rapidjson\include\rapidjson\document.h">
      <Filter>Header Files</Filter>
    </ClInclude>
    <ClInclude Include="SceneDB.h">
      <Filter>Header Files</Filter>
    </ClInclude>
    <ClInclude Include="TemplateDB.h">
      <Filter>Header Files</Filter>
    </ClInclude>
    <ClInclude Include="AudioHelper.h">
      <Filter>Header Files</Filter>
    </ClInclude>
    <ClInclude Include="ThirdParty\SDL\include\begin_code.h">
      <Filter>Header Files</Filter>
    </ClInclude>
    <ClInclude Include="ThirdParty\SDL\include\close_code.h">
      <Filter>Header Files</Filter>
    </ClInclude>
    <ClInclude Include="ThirdParty\SDL\include\SDL.h">
      <Filter>Header Files</Filter>
    </ClInclude>
    <ClInclude Include="ThirdParty\SDL\include\SDL_assert.h">
      <Filter>Header Files</Filter>
    </ClInclude>
    <ClInclude Include="ThirdParty\SDL\include\SDL_atomic.h">
      <Filter>Header Files</Filter>
    </ClInclude>
    <ClInclude Include="ThirdParty\SDL\include\SDL_audio.h">
      <Filter>Header Files</Filter>
    </ClInclude>
    <ClInclude Include="ThirdParty\SDL\include\SDL_bits.h">
      <Filter>Header Files</Filter>
    </ClInclude>
    <ClInclude Include="ThirdParty\SDL\include\SDL_blendmode.h">
      <Filter>Header Files</Filter>
    </ClInclude>
    <ClInclude Include="ThirdParty\SDL\include\SDL_clipboard.h">
      <Filter>Header Files</Filter>
    </ClInclude>
    <ClInclude Include="ThirdParty\SDL\include\SDL_config.h">
      <Filter>Header Files</Filter>
    </ClInclude>
    <ClInclude Include="ThirdParty\SDL\include\SDL_cpuinfo.h">
      <Filter>Header Files</Filter>
    </ClInclude>
    <ClInclude Include="ThirdParty\SDL\include\SDL_egl.h">
      <Filter>Header Files</Filter>
    </ClInclude>
    <ClInclude Include="ThirdParty\SDL\include\SDL_endian.h">
      <Filter>Header Files</Filter>
    </ClInclude>
    <ClInclude Include="ThirdParty\SDL\include\SDL_error.h">
      <Filter>Header Files</Filter>
    </ClInclude>
    <ClInclude Include="ThirdParty\SDL\include\SDL_events.h">
      <Filter>Header Files</Filter>
    </ClInclude>
    <ClInclude Include="ThirdParty\SDL\include\SDL_filesystem.h">
      <Filter>Header Files</Filter>
    </ClInclude>
    <ClInclude Include="ThirdParty\SDL\include\SDL_gamecontroller.h">
      <Filter>Header Files</Filter>
    </ClInclude>
    <ClInclude Include="ThirdParty\SDL\include\SDL_gesture.h">
      <Filter>Header Files</Filter>
    </ClInclude>
    <ClInclude Include="ThirdParty\SDL\include\SDL_guid.h">
      <Filter>Header Files</Filter>
    </ClInclude>
    <ClInclude Include="ThirdParty\SDL\include\SDL_haptic.h">
      <Filter>Header Files</Filter>
    </ClInclude>
    <ClInclude Include="ThirdParty\SDL\include\SDL_hidapi.h">
      <Filter>Header Files</Filter>
    </ClInclude>
    <ClInclude Include="ThirdParty\SDL\include\SDL_hints.h">
      <Filter>Header Files</Filter>
    </ClInclude>
    <ClInclude Include="ThirdParty\SDL\include\SDL_joystick.h">
      <Filter>Header Files</Filter>
    </ClInclude>
    <ClInclude Include="ThirdParty\SDL\include\SDL_keyboard.h">
      <Filter>Header Files</Filter>
    </ClInclude>
    <ClInclude Include="ThirdParty\SDL\include\SDL_keycode.h">
      <Filter>Header Files</Filter>
    </ClInclude>
    <ClInclude Include="ThirdParty\SDL\include\SDL_loadso.h">
      <Filter>Header Files</Filter>
    </ClInclude>
    <ClInclude Include="ThirdParty\SDL\include\SDL_locale.h">
      <Filter>Header Files</Filter>
    </ClInclude>
    <ClInclude Include="ThirdParty\SDL\include\SDL_log.h">
      <Filter>Header Files</Filter>
    </ClInclude>
    <ClInclude Include="ThirdParty\SDL\include\SDL_main.h">
      <Filter>Header Files</Filter>
    </ClInclude>
    <ClInclude Include="ThirdParty\SDL\include\SDL_messagebox.h">
      <Filter>Header Files</Filter>
    </ClInclude>
    <ClInclude Include="ThirdParty\SDL\include\SDL_metal.h">
      <Filter>Header Files</Filter>
    </ClInclude>
    <ClInclude Include="ThirdParty\SDL\include\SDL_misc.h">
      <Filter>Header Files</Filter>
    </ClInclude>
    <ClInclude Include="ThirdParty\SDL\include\SDL_mouse.h">
      <Filter>Header Files</Filter>
    </ClInclude>
    <ClInclude Include="ThirdParty\SDL\include\SDL_mutex.h">
      <Filter>Header Files</Filter>
    </ClInclude>
    <ClInclude Include="ThirdParty\SDL\include\SDL_name.h">
      <Filter>Header Files</Filter>
    </ClInclude>
    <ClInclude Include="ThirdParty\SDL\include\SDL_opengl.h">
      <Filter>Header Files</Filter>
    </ClInclude>
    <ClInclude Include="ThirdParty\SDL\include\SDL_opengl_glext.h">
      <Filter>Header Files</Filter>
    </ClInclude>
    <ClInclude Include="ThirdParty\SDL\include\SDL_opengles.h">
      <Filter>Header Files</Filter>
    </ClInclude>
    <ClInclude Include="ThirdParty\SDL\include\SDL_opengles2.h">
      <Filter>Header Files</Filter>
    </ClInclude>
    <ClInclude Include="ThirdParty\SDL\include\SDL_opengles2_gl2.h">
      <Filter>Header Files</Filter>
    </ClInclude>
    <ClInclude Include="ThirdParty\SDL\include\SDL_opengles2_gl2ext.h">
      <Filter>Header Files</Filter>
    </ClInclude>
    <ClInclude Include="ThirdParty\SDL\include\SDL_opengles2_gl2platform.h">
      <Filter>Header Files</Filter>
    </ClInclude>
    <ClInclude Include="ThirdParty\SDL\include\SDL_opengles2_khrplatform.h">
      <Filter>Header Files</Filter>
    </ClInclude>
    <ClInclude Include="ThirdParty\SDL\include\SDL_pixels.h">
      <Filter>Header Files</Filter>
    </ClInclude>
    <ClInclude Include="ThirdParty\SDL\include\SDL_platform.h">
      <Filter>Header Files</Filter>
    </ClInclude>
    <ClInclude Include="ThirdParty\SDL\include\SDL_power.h">
      <Filter>Header Files</Filter>
    </ClInclude>
    <ClInclude Include="ThirdParty\SDL\include\SDL_quit.h">
      <Filter>Header Files</Filter>
    </ClInclude>
    <ClInclude Include="ThirdParty\SDL\include\SDL_rect.h">
      <Filter>Header Files</Filter>
    </ClInclude>
    <ClInclude Include="ThirdParty\SDL\include\SDL_render.h">
      <Filter>Header Files</Filter>
    </ClInclude>
    <ClInclude Include="ThirdParty\SDL\include\SDL_revision.h">
      <Filter>Header Files</Filter>
    </ClInclude>
    <ClInclude Include="ThirdParty\SDL\include\SDL_rwops.h">
      <Filter>Header Files</Filter>
    </ClInclude>
    <ClInclude Include="ThirdParty\SDL\include\SDL_scancode.h">
      <Filter>Header Files</Filter>
    </ClInclude>
    <ClInclude Include="ThirdParty\SDL\include\SDL_sensor.h">
      <Filter>Header Files</Filter>
    </ClInclude>
    <ClInclude Include="ThirdParty\SDL\include\SDL_shape.h">
      <Filter>Header Files</Filter>
    </ClInclude>
    <ClInclude Include="ThirdParty\SDL\include\SDL_stdinc.h">
      <Filter>Header Files</Filter>
    </ClInclude>
    <ClInclude Include="ThirdParty\SDL\include\SDL_surface.h">
      <Filter>Header Files</Filter>
    </ClInclude>
    <ClInclude Include="ThirdParty\SDL\include\SDL_system.h">
      <Filter>Header Files</Filter>
    </ClInclude>
    <ClInclude Include="ThirdParty\SDL\include\SDL_syswm.h">
      <Filter>Header Files</Filter>
    </ClInclude>
    <ClInclude Include="ThirdParty\SDL\include\SDL_test.h">
      <Filter>Header Files</Filter>
    </ClInclude>
    <ClInclude Include="ThirdParty\SDL\include\SDL_test_assert.h">
      <Filter>Header Files</Filter>
    </ClInclude>
    <ClInclude Include="ThirdParty\SDL\include\SDL_test_common.h">
      <Filter>Header Files</Filter>
    </ClInclude>
    <ClInclude Include="ThirdParty\SDL\include\SDL_test_compare.h">
      <Filter>Header Files</Filter>
    </ClInclude>
    <ClInclude Include="ThirdParty\SDL\include\SDL_test_crc32.h">
      <Filter>Header Files</Filter>
    </ClInclude>
    <ClInclude Include="ThirdParty\SDL\include\SDL_test_font.h">
      <Filter>Header Files</Filter>
    </ClInclude>
    <ClInclude Include="ThirdParty\SDL\include\SDL_test_fuzzer.h">
      <Filter>Header Files</Filter>
    </ClInclude>
    <ClInclude Include="ThirdParty\SDL\include\SDL_test_harness.h">
      <Filter>Header Files</Filter>
    </ClInclude>
    <ClInclude Include="ThirdParty\SDL\include\SDL_test_images.h">
      <Filter>Header Files</Filter>
    </ClInclude>
    <ClInclude Include="ThirdParty\SDL\include\SDL_test_log.h">
      <Filter>Header Files</Filter>
    </ClInclude>
    <ClInclude Include="ThirdParty\SDL\include\SDL_test_md5.h">
      <Filter>Header Files</Filter>
    </ClInclude>
    <ClInclude Include="ThirdParty\SDL\include\SDL_test_memory.h">
      <Filter>Header Files</Filter>
    </ClInclude>
    <ClInclude Include="ThirdParty\SDL\include\SDL_test_random.h">
      <Filter>Header Files</Filter>
    </ClInclude>
    <ClInclude Include="ThirdParty\SDL\include\SDL_thread.h">
      <Filter>Header Files</Filter>
    </ClInclude>
    <ClInclude Include="ThirdParty\SDL\include\SDL_timer.h">
      <Filter>Header Files</Filter>
    </ClInclude>
    <ClInclude Include="ThirdParty\SDL\include\SDL_touch.h">
      <Filter>Header Files</Filter>
    </ClInclude>
    <ClInclude Include="ThirdParty\SDL\include\SDL_types.h">
      <Filter>Header Files</Filter>
    </ClInclude>
    <ClInclude Include="ThirdParty\SDL\include\SDL_version.h">
      <Filter>Header Files</Filter>
    </ClInclude>
    <ClInclude Include="ThirdParty\SDL\include\SDL_video.h">
      <Filter>Header Files</Filter>
    </ClInclude>
    <ClInclude Include="ThirdParty\SDL\include\SDL_vulkan.h">
      <Filter>Header Files</Filter>
    </ClInclude>
    <ClInclude Include="ThirdParty\SDL_image\include\SDL_image.h">
      <Filter>Header Files</Filter>
    </ClInclude>
    <ClInclude Include="Renderer.h">
      <Filter>Header Files</Filter>
    </ClInclude>
    <ClInclude Include="ThirdParty\SDL_ttf\include\SDL_ttf.h">
      <Filter>Header Files</Filter>
    </ClInclude>
    <ClInclude Include="AudioDB.h">
      <Filter>Header Files</Filter>
    </ClInclude>
    <ClInclude Include="Input.h">
      <Filter>Header Files</Filter>
    </ClInclude>
    <ClInclude Include="ComponentManager.h">
      <Filter>Header Files</Filter>
    </ClInclude>
    <ClInclude Include="Header.h">
      <Filter>Header Files</Filter>
    </ClInclude>
    <ClInclude Include="TextRenderRequest.h">
      <Filter>Header Files</Filter>
    </ClInclude>
    <ClInclude Include="ImageRenderRequest.h">
      <Filter>Header Files</Filter>
    </ClInclude>
    <ClInclude Include="UIRenderRequest.h">
      <Filter>Header Files</Filter>
    </ClInclude>
    <ClInclude Include="DrawPixelRequest.h">
      <Filter>Header Files</Filter>
    </ClInclude>
    <ClInclude Include="ThirdParty\box2d\b2_api.h">
      <Filter>Header Files</Filter>
    </ClInclude>
    <ClInclude Include="ThirdParty\box2d\b2_block_allocator.h">
      <Filter>Header Files</Filter>
    </ClInclude>
    <ClInclude Include="ThirdParty\box2d\b2_body.h">
      <Filter>Header Files</Filter>
    </ClInclude>
    <ClInclude Include="ThirdParty\box2d\b2_broad_phase.h">
      <Filter>Header Files</Filter>
    </ClInclude>
    <ClInclude Include="ThirdParty\box2d\b2_chain_shape.h">
      <Filter>Header Files</Filter>
    </ClInclude>
    <ClInclude Include="ThirdParty\box2d\b2_circle_shape.h">
      <Filter>Header Files</Filter>
    </ClInclude>
    <ClInclude Include="ThirdParty\box2d\b2_collision.h">
      <Filter>Header Files</Filter>
    </ClInclude>
    <ClInclude Include="ThirdParty\box2d\b2_common.h">
      <Filter>Header Files</Filter>
    </ClInclude>
    <ClInclude Include="ThirdParty\box2d\b2_contact.h">
      <Filter>Header Files</Filter>
    </ClInclude>
    <ClInclude Include="ThirdParty\box2d\b2_contact_manager.h">
      <Filter>Header Files</Filter>
    </ClInclude>
    <ClInclude Include="ThirdParty\box2d\b2_distance.h">
      <Filter>Header Files</Filter>
    </ClInclude>
    <ClInclude Include="ThirdParty\box2d\b2_distance_joint.h">
      <Filter>Header Files</Filter>
    </ClInclude>
    <ClInclude Include="ThirdParty\box2d\b2_draw.h">
      <Filter>Header Files</Filter>
    </ClInclude>
    <ClInclude Include="ThirdParty\box2d\b2_dynamic_tree.h">
      <Filter>Header Files</Filter>
    </ClInclude>
    <ClInclude Include="ThirdParty\box2d\b2_edge_shape.h">
      <Filter>Header Files</Filter>
    </ClInclude>
    <ClInclude Include="ThirdParty\box2d\b2_fixture.h">
      <Filter>Header Files</Filter>
    </ClInclude>
    <ClInclude Include="ThirdParty\box2d\b2_friction_joint.h">
      <Filter>Header Files</Filter>
    </ClInclude>
    <ClInclude Include="ThirdParty\box2d\b2_gear_joint.h">
      <Filter>Header Files</Filter>
    </ClInclude>
    <ClInclude Include="ThirdParty\box2d\b2_growable_stack.h">
      <Filter>Header Files</Filter>
    </ClInclude>
    <ClInclude Include="ThirdParty\box2d\b2_joint.h">
      <Filter>Header Files</Filter>
    </ClInclude>
    <ClInclude Include="ThirdParty\box2d\b2_math.h">
      <Filter>Header Files</Filter>
    </ClInclude>
    <ClInclude Include="ThirdParty\box2d\b2_motor_joint.h">
      <Filter>Header Files</Filter>
    </ClInclude>
    <ClInclude Include="ThirdParty\box2d\b2_mouse_joint.h">
      <Filter>Header Files</Filter>
    </ClInclude>
    <ClInclude Include="ThirdParty\box2d\b2_polygon_shape.h">
      <Filter>Header Files</Filter>
    </ClInclude>
    <ClInclude Include="ThirdParty\box2d\b2_prismatic_joint.h">
      <Filter>Header Files</Filter>
    </ClInclude>
    <ClInclude Include="ThirdParty\box2d\b2_pulley_joint.h">
      <Filter>Header Files</Filter>
    </ClInclude>
    <ClInclude Include="ThirdParty\box2d\b2_revolute_joint.h">
      <Filter>Header Files</Filter>
    </ClInclude>
    <ClInclude Include="ThirdParty\box2d\b2_rope.h">
      <Filter>Header Files</Filter>
    </ClInclude>
    <ClInclude Include="ThirdParty\box2d\b2_settings.h">
      <Filter>Header Files</Filter>
    </ClInclude>
    <ClInclude Include="ThirdParty\box2d\b2_shape.h">
      <Filter>Header Files</Filter>
    </ClInclude>
    <ClInclude Include="ThirdParty\box2d\b2_stack_allocator.h">
      <Filter>Header Files</Filter>
    </ClInclude>
    <ClInclude Include="ThirdParty\box2d\b2_time_of_impact.h">
      <Filter>Header Files</Filter>
    </ClInclude>
    <ClInclude Include="ThirdParty\box2d\b2_time_step.h">
      <Filter>Header Files</Filter>
    </ClInclude>
    <ClInclude Include="ThirdParty\box2d\b2_timer.h">
      <Filter>Header Files</Filter>
    </ClInclude>
    <ClInclude Include="ThirdParty\box2d\b2_types.h">
      <Filter>Header Files</Filter>
    </ClInclude>
    <ClInclude Include="ThirdParty\box2d\b2_weld_joint.h">
      <Filter>Header Files</Filter>
    </ClInclude>
    <ClInclude Include="ThirdParty\box2d\b2_wheel_joint.h">
      <Filter>Header Files</Filter>
    </ClInclude>
    <ClInclude Include="ThirdParty\box2d\b2_world.h">
      <Filter>Header Files</Filter>
    </ClInclude>
    <ClInclude Include="ThirdParty\box2d\b2_world_callbacks.h">
      <Filter>Header Files</Filter>
    </ClInclude>
    <ClInclude Include="ThirdParty\box2d\box2d.h">
      <Filter>Header Files</Filter>
    </ClInclude>
    <ClInclude Include="Rigidbody.h">
      <Filter>Header Files</Filter>
    </ClInclude>
    <ClInclude Include="ThirdParty\box2d\dynamics\b2_chain_circle_contact.h">
      <Filter>Header Files</Filter>
    </ClInclude>
    <ClInclude Include="ThirdParty\box2d\dynamics\b2_chain_polygon_contact.h">
      <Filter>Header Files</Filter>
    </ClInclude>
    <ClInclude Include="ThirdParty\box2d\dynamics\b2_circle_contact.h">
      <Filter>Header Files</Filter>
    </ClInclude>
    <ClInclude Include="ThirdParty\box2d\dynamics\b2_contact_solver.h">
      <Filter>Header Files</Filter>
    </ClInclude>
    <ClInclude Include="ThirdParty\box2d\dynamics\b2_edge_circle_contact.h">
      <Filter>Header Files</Filter>
    </ClInclude>
    <ClInclude Include="ThirdParty\box2d\dynamics\b2_edge_polygon_contact.h">
      <Filter>Header Files</Filter>
    </ClInclude>
    <ClInclude Include="ThirdParty\box2d\dynamics\b2_island.h">
      <Filter>Header Files</Filter>
    </ClInclude>
    <ClInclude Include="ThirdParty\box2d\dynamics\b2_polygon_circle_contact.h">
      <Filter>Header Files</Filter>
    </ClInclude>
    <ClInclude Include="ThirdParty\box2d\dynamics\b2_polygon_contact.h">
      <Filter>Header Files</Filter>
    </ClInclude>
    <ClInclude Include="CollisionDetector.h">
      <Filter>Header Files</Filter>
    </ClInclude>
    <ClInclude Include="Raycast.h">
      <Filter>Header Files</Filter>
    </ClInclude>
    <ClInclude Include="EventBus.h">
      <Filter>Header Files</Filter>
    </ClInclude>
    <ClInclude Include="ThirdParty\openvr-master\headers\openvr.h">
      <Filter>Header Files</Filter>
    </ClInclude>
    <ClInclude Include="ThirdParty\openvr-master\headers\openvr_driver.h">
      <Filter>Header Files</Filter>
    </ClInclude>
    <ClInclude Include="openvr_utils.h">
      <Filter>Header Files</Filter>
    </ClInclude>
    <ClInclude Include="VRInput.h">
      <Filter>Header Files</Filter>
    </ClInclude>
    <ClInclude Include="ThirdParty\glad\include\glad\glad.h">
      <Filter>Header Files</Filter>
    </ClInclude>
    <ClInclude Include="ThirdParty\glad\include\KHR\khrplatform.h">
      <Filter>Header Files</Filter>
    </ClInclude>
    <ClInclude Include="CGLRenderModel.h">
      <Filter>Header Files</Filter>
    </ClInclude>
  </ItemGroup>
  <ItemGroup>
    <ClCompile Include="Main.cpp">
      <Filter>Source Files</Filter>
    </ClCompile>
    <ClCompile Include="GameManager.cpp">
      <Filter>Source Files</Filter>
    </ClCompile>
    <ClCompile Include="SceneDB.cpp">
      <Filter>Source Files</Filter>
    </ClCompile>
    <ClCompile Include="TemplateDB.cpp">
      <Filter>Source Files</Filter>
    </ClCompile>
    <ClCompile Include="Renderer.cpp">
      <Filter>Source Files</Filter>
    </ClCompile>
    <ClCompile Include="AudioDB.cpp">
      <Filter>Source Files</Filter>
    </ClCompile>
    <ClCompile Include="Actor.cpp">
      <Filter>Source Files</Filter>
    </ClCompile>
    <ClCompile Include="Input.cpp">
      <Filter>Source Files</Filter>
    </ClCompile>
    <ClCompile Include="ThirdParty\Lua\src\lapi.c">
      <Filter>Source Files</Filter>
    </ClCompile>
    <ClCompile Include="ThirdParty\Lua\src\lauxlib.c">
      <Filter>Source Files</Filter>
    </ClCompile>
    <ClCompile Include="ThirdParty\Lua\src\lbaselib.c">
      <Filter>Source Files</Filter>
    </ClCompile>
    <ClCompile Include="ThirdParty\Lua\src\lcode.c">
      <Filter>Source Files</Filter>
    </ClCompile>
    <ClCompile Include="ThirdParty\Lua\src\lcorolib.c">
      <Filter>Source Files</Filter>
    </ClCompile>
    <ClCompile Include="ThirdParty\Lua\src\lctype.c">
      <Filter>Source Files</Filter>
    </ClCompile>
    <ClCompile Include="ThirdParty\Lua\src\ldblib.c">
      <Filter>Source Files</Filter>
    </ClCompile>
    <ClCompile Include="ThirdParty\Lua\src\ldebug.c">
      <Filter>Source Files</Filter>
    </ClCompile>
    <ClCompile Include="ThirdParty\Lua\src\ldo.c">
      <Filter>Source Files</Filter>
    </ClCompile>
    <ClCompile Include="ThirdParty\Lua\src\ldump.c">
      <Filter>Source Files</Filter>
    </ClCompile>
    <ClCompile Include="ThirdParty\Lua\src\lfunc.c">
      <Filter>Source Files</Filter>
    </ClCompile>
    <ClCompile Include="ThirdParty\Lua\src\lgc.c">
      <Filter>Source Files</Filter>
    </ClCompile>
    <ClCompile Include="ThirdParty\Lua\src\linit.c">
      <Filter>Source Files</Filter>
    </ClCompile>
    <ClCompile Include="ThirdParty\Lua\src\liolib.c">
      <Filter>Source Files</Filter>
    </ClCompile>
    <ClCompile Include="ThirdParty\Lua\src\llex.c">
      <Filter>Source Files</Filter>
    </ClCompile>
    <ClCompile Include="ThirdParty\Lua\src\lmathlib.c">
      <Filter>Source Files</Filter>
    </ClCompile>
    <ClCompile Include="ThirdParty\Lua\src\lmem.c">
      <Filter>Source Files</Filter>
    </ClCompile>
    <ClCompile Include="ThirdParty\Lua\src\loadlib.c">
      <Filter>Source Files</Filter>
    </ClCompile>
    <ClCompile Include="ThirdParty\Lua\src\lobject.c">
      <Filter>Source Files</Filter>
    </ClCompile>
    <ClCompile Include="ThirdParty\Lua\src\lopcodes.c">
      <Filter>Source Files</Filter>
    </ClCompile>
    <ClCompile Include="ThirdParty\Lua\src\loslib.c">
      <Filter>Source Files</Filter>
    </ClCompile>
    <ClCompile Include="ThirdParty\Lua\src\lparser.c">
      <Filter>Source Files</Filter>
    </ClCompile>
    <ClCompile Include="ThirdParty\Lua\src\lstate.c">
      <Filter>Source Files</Filter>
    </ClCompile>
    <ClCompile Include="ThirdParty\Lua\src\lstring.c">
      <Filter>Source Files</Filter>
    </ClCompile>
    <ClCompile Include="ThirdParty\Lua\src\lstrlib.c">
      <Filter>Source Files</Filter>
    </ClCompile>
    <ClCompile Include="ThirdParty\Lua\src\ltable.c">
      <Filter>Source Files</Filter>
    </ClCompile>
    <ClCompile Include="ThirdParty\Lua\src\ltablib.c">
      <Filter>Source Files</Filter>
    </ClCompile>
    <ClCompile Include="ThirdParty\Lua\src\ltm.c">
      <Filter>Source Files</Filter>
    </ClCompile>
    <ClCompile Include="ThirdParty\Lua\src\lundump.c">
      <Filter>Source Files</Filter>
    </ClCompile>
    <ClCompile Include="ThirdParty\Lua\src\lutf8lib.c">
      <Filter>Source Files</Filter>
    </ClCompile>
    <ClCompile Include="ThirdParty\Lua\src\lvm.c">
      <Filter>Source Files</Filter>
    </ClCompile>
    <ClCompile Include="ThirdParty\Lua\src\lzio.c">
      <Filter>Source Files</Filter>
    </ClCompile>
    <ClCompile Include="ComponentManager.cpp">
      <Filter>Source Files</Filter>
    </ClCompile>
    <ClCompile Include="TextRenderRequest.cpp">
      <Filter>Source Files</Filter>
    </ClCompile>
    <ClCompile Include="ImageRenderRequest.cpp">
      <Filter>Source Files</Filter>
    </ClCompile>
    <ClCompile Include="UIRenderRequest.cpp">
      <Filter>Source Files</Filter>
    </ClCompile>
    <ClCompile Include="DrawPixelRequest.cpp">
      <Filter>Source Files</Filter>
    </ClCompile>
    <ClCompile Include="Rigidbody.cpp">
      <Filter>Source Files</Filter>
    </ClCompile>
    <ClCompile Include="ThirdParty\box2d\dynamics\b2_body.cpp">
      <Filter>Source Files</Filter>
    </ClCompile>
    <ClCompile Include="ThirdParty\box2d\dynamics\b2_chain_circle_contact.cpp">
      <Filter>Source Files</Filter>
    </ClCompile>
    <ClCompile Include="ThirdParty\box2d\dynamics\b2_chain_polygon_contact.cpp">
      <Filter>Source Files</Filter>
    </ClCompile>
    <ClCompile Include="ThirdParty\box2d\dynamics\b2_circle_contact.cpp">
      <Filter>Source Files</Filter>
    </ClCompile>
    <ClCompile Include="ThirdParty\box2d\dynamics\b2_contact.cpp">
      <Filter>Source Files</Filter>
    </ClCompile>
    <ClCompile Include="ThirdParty\box2d\dynamics\b2_contact_manager.cpp">
      <Filter>Source Files</Filter>
    </ClCompile>
    <ClCompile Include="ThirdParty\box2d\dynamics\b2_contact_solver.cpp">
      <Filter>Source Files</Filter>
    </ClCompile>
    <ClCompile Include="ThirdParty\box2d\dynamics\b2_distance_joint.cpp">
      <Filter>Source Files</Filter>
    </ClCompile>
    <ClCompile Include="ThirdParty\box2d\dynamics\b2_edge_circle_contact.cpp">
      <Filter>Source Files</Filter>
    </ClCompile>
    <ClCompile Include="ThirdParty\box2d\dynamics\b2_edge_polygon_contact.cpp">
      <Filter>Source Files</Filter>
    </ClCompile>
    <ClCompile Include="ThirdParty\box2d\dynamics\b2_fixture.cpp">
      <Filter>Source Files</Filter>
    </ClCompile>
    <ClCompile Include="ThirdParty\box2d\dynamics\b2_friction_joint.cpp">
      <Filter>Source Files</Filter>
    </ClCompile>
    <ClCompile Include="ThirdParty\box2d\dynamics\b2_gear_joint.cpp">
      <Filter>Source Files</Filter>
    </ClCompile>
    <ClCompile Include="ThirdParty\box2d\dynamics\b2_island.cpp">
      <Filter>Source Files</Filter>
    </ClCompile>
    <ClCompile Include="ThirdParty\box2d\dynamics\b2_joint.cpp">
      <Filter>Source Files</Filter>
    </ClCompile>
    <ClCompile Include="ThirdParty\box2d\dynamics\b2_motor_joint.cpp">
      <Filter>Source Files</Filter>
    </ClCompile>
    <ClCompile Include="ThirdParty\box2d\dynamics\b2_mouse_joint.cpp">
      <Filter>Source Files</Filter>
    </ClCompile>
    <ClCompile Include="ThirdParty\box2d\dynamics\b2_polygon_circle_contact.cpp">
      <Filter>Source Files</Filter>
    </ClCompile>
    <ClCompile Include="ThirdParty\box2d\dynamics\b2_polygon_contact.cpp">
      <Filter>Source Files</Filter>
    </ClCompile>
    <ClCompile Include="ThirdParty\box2d\dynamics\b2_prismatic_joint.cpp">
      <Filter>Source Files</Filter>
    </ClCompile>
    <ClCompile Include="ThirdParty\box2d\dynamics\b2_pulley_joint.cpp">
      <Filter>Source Files</Filter>
    </ClCompile>
    <ClCompile Include="ThirdParty\box2d\dynamics\b2_revolute_joint.cpp">
      <Filter>Source Files</Filter>
    </ClCompile>
    <ClCompile Include="ThirdParty\box2d\dynamics\b2_weld_joint.cpp">
      <Filter>Source Files</Filter>
    </ClCompile>
    <ClCompile Include="ThirdParty\box2d\dynamics\b2_wheel_joint.cpp">
      <Filter>Source Files</Filter>
    </ClCompile>
    <ClCompile Include="ThirdParty\box2d\dynamics\b2_world.cpp">
      <Filter>Source Files</Filter>
    </ClCompile>
    <ClCompile Include="ThirdParty\box2d\dynamics\b2_world_callbacks.cpp">
      <Filter>Source Files</Filter>
    </ClCompile>
    <ClCompile Include="ThirdParty\box2d\collision\b2_broad_phase.cpp">
      <Filter>Source Files</Filter>
    </ClCompile>
    <ClCompile Include="ThirdParty\box2d\collision\b2_chain_shape.cpp">
      <Filter>Source Files</Filter>
    </ClCompile>
    <ClCompile Include="ThirdParty\box2d\collision\b2_circle_shape.cpp">
      <Filter>Source Files</Filter>
    </ClCompile>
    <ClCompile Include="ThirdParty\box2d\collision\b2_collide_circle.cpp">
      <Filter>Source Files</Filter>
    </ClCompile>
    <ClCompile Include="ThirdParty\box2d\collision\b2_collide_edge.cpp">
      <Filter>Source Files</Filter>
    </ClCompile>
    <ClCompile Include="ThirdParty\box2d\collision\b2_collide_polygon.cpp">
      <Filter>Source Files</Filter>
    </ClCompile>
    <ClCompile Include="ThirdParty\box2d\collision\b2_collision.cpp">
      <Filter>Source Files</Filter>
    </ClCompile>
    <ClCompile Include="ThirdParty\box2d\collision\b2_distance.cpp">
      <Filter>Source Files</Filter>
    </ClCompile>
    <ClCompile Include="ThirdParty\box2d\collision\b2_dynamic_tree.cpp">
      <Filter>Source Files</Filter>
    </ClCompile>
    <ClCompile Include="ThirdParty\box2d\collision\b2_edge_shape.cpp">
      <Filter>Source Files</Filter>
    </ClCompile>
    <ClCompile Include="ThirdParty\box2d\collision\b2_polygon_shape.cpp">
      <Filter>Source Files</Filter>
    </ClCompile>
    <ClCompile Include="ThirdParty\box2d\collision\b2_time_of_impact.cpp">
      <Filter>Source Files</Filter>
    </ClCompile>
    <ClCompile Include="ThirdParty\box2d\common\b2_block_allocator.cpp">
      <Filter>Source Files</Filter>
    </ClCompile>
    <ClCompile Include="ThirdParty\box2d\common\b2_draw.cpp">
      <Filter>Source Files</Filter>
    </ClCompile>
    <ClCompile Include="ThirdParty\box2d\common\b2_math.cpp">
      <Filter>Source Files</Filter>
    </ClCompile>
    <ClCompile Include="ThirdParty\box2d\common\b2_settings.cpp">
      <Filter>Source Files</Filter>
    </ClCompile>
    <ClCompile Include="ThirdParty\box2d\common\b2_stack_allocator.cpp">
      <Filter>Source Files</Filter>
    </ClCompile>
    <ClCompile Include="ThirdParty\box2d\common\b2_timer.cpp">
      <Filter>Source Files</Filter>
    </ClCompile>
    <ClCompile Include="ThirdParty\box2d\rope\b2_rope.cpp">
      <Filter>Source Files</Filter>
    </ClCompile>
    <ClCompile Include="CollisionDetector.cpp">
      <Filter>Source Files</Filter>
    </ClCompile>
    <ClCompile Include="Raycast.cpp">
      <Filter>Source Files</Filter>
    </ClCompile>
    <ClCompile Include="EventBus.cpp">
      <Filter>Source Files</Filter>
    </ClCompile>
    <ClCompile Include="openvr_utils.cpp">
      <Filter>Source Files</Filter>
    </ClCompile>
    <ClCompile Include="VRInput.cpp">
      <Filter>Source Files</Filter>
    </ClCompile>
    <ClCompile Include="ThirdParty\glew\src\glew.c">
      <Filter>Source Files</Filter>
    </ClCompile>
    <ClCompile Include="ThirdParty\glew\src\glewinfo.c">
      <Filter>Source Files</Filter>
    </ClCompile>
    <ClCompile Include="ThirdParty\glew\src\visualinfo.c">
      <Filter>Source Files</Filter>
    </ClCompile>
    <ClCompile Include="ThirdParty\glad\src\glad.c">
      <Filter>Source Files</Filter>
    </ClCompile>
    <ClCompile Include="ThirdParty\shared\lodepng.cpp">
      <Filter>Source Files</Filter>
    </ClCompile>
    <ClCompile Include="ThirdParty\shared\Matrices.cpp">
      <Filter>Source Files</Filter>
    </ClCompile>
    <ClCompile Include="ThirdParty\shared\pathtools.cpp">
      <Filter>Source Files</Filter>
    </ClCompile>
    <ClCompile Include="ThirdParty\shared\strtools.cpp">
      <Filter>Source Files</Filter>
    </ClCompile>
    <ClCompile Include="CGLRenderModel.cpp">
      <Filter>Source Files</Filter>
    </ClCompile>
  </ItemGroup>
  <ItemGroup>
    <Library Include="ThirdParty\SDL\lib\SDL2test.lib" />
    <Library Include="ThirdParty\SDL\lib\SDL2.lib" />
    <Library Include="ThirdParty\SDL\lib\SDL2main.lib" />
    <Library Include="ThirdParty\SDL_image\lib\SDL2_image.lib" />
    <Library Include="ThirdParty\SDL_mixer\lib\SDL2_mixer.lib" />
    <Library Include="ThirdParty\SDL_ttf\lib\SDL2_ttf.lib" />
    <Library Include="ThirdParty\openvr-master\lib\win64\openvr_api.lib" />
  </ItemGroup>
  <ItemGroup>
    <Image Include="resources\images\intro.png">
      <Filter>Resource Files</Filter>
    </Image>
  </ItemGroup>
  <ItemGroup>
    <Font Include="resources\fonts\starjedi.ttf" />
  </ItemGroup>
</Project>